# This file is generated by running "yarn install" inside your project.
# Manual changes might be lost - proceed with caution!

__metadata:
  version: 6

"test-package1@workspace:package1":
  version: 0.0.0-use.local
  resolution: "test-package1@workspace:package1"
  languageName: unknown
  linkType: soft

"test-package2@workspace:package2":
  version: 0.0.0-use.local
  resolution: "test-package2@workspace:package2"
  languageName: unknown
  linkType: soft

"test@workspace:.":
  version: 0.0.0-use.local
  resolution: "test@workspace:."
  languageName: unknown
  linkType: soft
